// !$*UTF8*$!
{
	archiveVersion = 1;
	classes = {
	};
	objectVersion = 46;
	objects = {

/* Begin PBXBuildFile section */
		046D47B51EB8184A006115E5 /* AppDelegate.swift in Sources */ = {isa = PBXBuildFile; fileRef = 046D47B41EB8184A006115E5 /* AppDelegate.swift */; };
		046D47B71EB8184A006115E5 /* LRCViewController.swift in Sources */ = {isa = PBXBuildFile; fileRef = 046D47B61EB8184A006115E5 /* LRCViewController.swift */; };
		046D47B91EB8184A006115E5 /* Assets.xcassets in Resources */ = {isa = PBXBuildFile; fileRef = 046D47B81EB8184A006115E5 /* Assets.xcassets */; };
		046D47C41EB82939006115E5 /* MASShortcut.framework in Frameworks */ = {isa = PBXBuildFile; fileRef = 046D47C31EB82939006115E5 /* MASShortcut.framework */; };
		046D47C51EB82939006115E5 /* MASShortcut.framework in Embed Frameworks */ = {isa = PBXBuildFile; fileRef = 046D47C31EB82939006115E5 /* MASShortcut.framework */; settings = {ATTRIBUTES = (CodeSignOnCopy, RemoveHeadersOnCopy, ); }; };
		04A382471EB8350000915178 /* LRCWindow.swift in Sources */ = {isa = PBXBuildFile; fileRef = 04A382461EB8350000915178 /* LRCWindow.swift */; };
		04A382491EB8368200915178 /* main.swift in Sources */ = {isa = PBXBuildFile; fileRef = 04A382481EB8368200915178 /* main.swift */; };
		04A3824B1EB87B0F00915178 /* lrc.txt in Resources */ = {isa = PBXBuildFile; fileRef = 04A3824A1EB87B0F00915178 /* lrc.txt */; };
		04A3824D1EB8814100915178 /* SnapKit.framework in Frameworks */ = {isa = PBXBuildFile; fileRef = 04A3824C1EB8814100915178 /* SnapKit.framework */; };
		04A3824E1EB8814100915178 /* SnapKit.framework in Embed Frameworks */ = {isa = PBXBuildFile; fileRef = 04A3824C1EB8814100915178 /* SnapKit.framework */; settings = {ATTRIBUTES = (CodeSignOnCopy, RemoveHeadersOnCopy, ); }; };
		04A382501EB88CF300915178 /* CONST.swift in Sources */ = {isa = PBXBuildFile; fileRef = 04A3824F1EB88CF300915178 /* CONST.swift */; };
/* End PBXBuildFile section */

/* Begin PBXCopyFilesBuildPhase section */
		046D47C61EB82939006115E5 /* Embed Frameworks */ = {
			isa = PBXCopyFilesBuildPhase;
			buildActionMask = 2147483647;
			dstPath = "";
			dstSubfolderSpec = 10;
			files = (
				046D47C51EB82939006115E5 /* MASShortcut.framework in Embed Frameworks */,
				04A3824E1EB8814100915178 /* SnapKit.framework in Embed Frameworks */,
			);
			name = "Embed Frameworks";
			runOnlyForDeploymentPostprocessing = 0;
		};
/* End PBXCopyFilesBuildPhase section */

/* Begin PBXFileReference section */
		046D47B11EB8184A006115E5 /* FakeLRCDemo.app */ = {isa = PBXFileReference; explicitFileType = wrapper.application; includeInIndex = 0; path = FakeLRCDemo.app; sourceTree = BUILT_PRODUCTS_DIR; };
		046D47B41EB8184A006115E5 /* AppDelegate.swift */ = {isa = PBXFileReference; lastKnownFileType = sourcecode.swift; path = AppDelegate.swift; sourceTree = "<group>"; };
		046D47B61EB8184A006115E5 /* LRCViewController.swift */ = {isa = PBXFileReference; lastKnownFileType = sourcecode.swift; path = LRCViewController.swift; sourceTree = "<group>"; };
		046D47B81EB8184A006115E5 /* Assets.xcassets */ = {isa = PBXFileReference; lastKnownFileType = folder.assetcatalog; path = Assets.xcassets; sourceTree = "<group>"; };
		046D47BD1EB8184A006115E5 /* Info.plist */ = {isa = PBXFileReference; lastKnownFileType = text.plist.xml; path = Info.plist; sourceTree = "<group>"; };
		046D47C31EB82939006115E5 /* MASShortcut.framework */ = {isa = PBXFileReference; lastKnownFileType = wrapper.framework; name = MASShortcut.framework; path = Carthage/Build/Mac/MASShortcut.framework; sourceTree = "<group>"; };
		04A382461EB8350000915178 /* LRCWindow.swift */ = {isa = PBXFileReference; fileEncoding = 4; lastKnownFileType = sourcecode.swift; path = LRCWindow.swift; sourceTree = "<group>"; };
		04A382481EB8368200915178 /* main.swift */ = {isa = PBXFileReference; fileEncoding = 4; lastKnownFileType = sourcecode.swift; path = main.swift; sourceTree = "<group>"; };
		04A3824A1EB87B0F00915178 /* lrc.txt */ = {isa = PBXFileReference; fileEncoding = 4; lastKnownFileType = text; path = lrc.txt; sourceTree = "<group>"; };
		04A3824C1EB8814100915178 /* SnapKit.framework */ = {isa = PBXFileReference; lastKnownFileType = wrapper.framework; name = SnapKit.framework; path = Carthage/Build/Mac/SnapKit.framework; sourceTree = "<group>"; };
		04A3824F1EB88CF300915178 /* CONST.swift */ = {isa = PBXFileReference; fileEncoding = 4; lastKnownFileType = sourcecode.swift; path = CONST.swift; sourceTree = "<group>"; };
/* End PBXFileReference section */

/* Begin PBXFrameworksBuildPhase section */
		046D47AE1EB8184A006115E5 /* Frameworks */ = {
			isa = PBXFrameworksBuildPhase;
			buildActionMask = 2147483647;
			files = (
				046D47C41EB82939006115E5 /* MASShortcut.framework in Frameworks */,
				04A3824D1EB8814100915178 /* SnapKit.framework in Frameworks */,
			);
			runOnlyForDeploymentPostprocessing = 0;
		};
/* End PBXFrameworksBuildPhase section */

/* Begin PBXGroup section */
		046D47A81EB8184A006115E5 = {
			isa = PBXGroup;
			children = (
				04A3824C1EB8814100915178 /* SnapKit.framework */,
				046D47C31EB82939006115E5 /* MASShortcut.framework */,
				046D47B31EB8184A006115E5 /* KeynoteTest */,
				046D47B21EB8184A006115E5 /* Products */,
			);
			sourceTree = "<group>";
		};
		046D47B21EB8184A006115E5 /* Products */ = {
			isa = PBXGroup;
			children = (
				046D47B11EB8184A006115E5 /* FakeLRCDemo.app */,
			);
			name = Products;
			sourceTree = "<group>";
		};
		046D47B31EB8184A006115E5 /* KeynoteTest */ = {
			isa = PBXGroup;
			children = (
				046D47B41EB8184A006115E5 /* AppDelegate.swift */,
				046D47B61EB8184A006115E5 /* LRCViewController.swift */,
				046D47B81EB8184A006115E5 /* Assets.xcassets */,
				046D47BD1EB8184A006115E5 /* Info.plist */,
				04A382461EB8350000915178 /* LRCWindow.swift */,
				04A382481EB8368200915178 /* main.swift */,
				04A3824A1EB87B0F00915178 /* lrc.txt */,
				04A3824F1EB88CF300915178 /* CONST.swift */,
			);
			path = KeynoteTest;
			sourceTree = "<group>";
		};
/* End PBXGroup section */

/* Begin PBXNativeTarget section */
		046D47B01EB8184A006115E5 /* FakeLRCDemo */ = {
			isa = PBXNativeTarget;
			buildConfigurationList = 046D47C01EB8184A006115E5 /* Build configuration list for PBXNativeTarget "FakeLRCDemo" */;
			buildPhases = (
				046D47AD1EB8184A006115E5 /* Sources */,
				046D47AE1EB8184A006115E5 /* Frameworks */,
				046D47AF1EB8184A006115E5 /* Resources */,
				046D47C61EB82939006115E5 /* Embed Frameworks */,
			);
			buildRules = (
			);
			dependencies = (
			);
			name = FakeLRCDemo;
			productName = KeynoteTest;
			productReference = 046D47B11EB8184A006115E5 /* FakeLRCDemo.app */;
			productType = "com.apple.product-type.application";
		};
/* End PBXNativeTarget section */

/* Begin PBXProject section */
		046D47A91EB8184A006115E5 /* Project object */ = {
			isa = PBXProject;
			attributes = {
				LastSwiftUpdateCheck = 0820;
				LastUpgradeCheck = 0820;
				ORGANIZATIONNAME = txx;
				TargetAttributes = {
					046D47B01EB8184A006115E5 = {
						CreatedOnToolsVersion = 8.2.1;
						DevelopmentTeam = Q5G7783EQK;
						ProvisioningStyle = Automatic;
					};
				};
			};
			buildConfigurationList = 046D47AC1EB8184A006115E5 /* Build configuration list for PBXProject "FakeLRCDemo" */;
			compatibilityVersion = "Xcode 3.2";
			developmentRegion = English;
			hasScannedForEncodings = 0;
			knownRegions = (
				en,
				Base,
			);
			mainGroup = 046D47A81EB8184A006115E5;
			productRefGroup = 046D47B21EB8184A006115E5 /* Products */;
			projectDirPath = "";
			projectRoot = "";
			targets = (
				046D47B01EB8184A006115E5 /* FakeLRCDemo */,
			);
		};
/* End PBXProject section */

/* Begin PBXResourcesBuildPhase section */
		046D47AF1EB8184A006115E5 /* Resources */ = {
			isa = PBXResourcesBuildPhase;
			buildActionMask = 2147483647;
			files = (
				04A3824B1EB87B0F00915178 /* lrc.txt in Resources */,
				046D47B91EB8184A006115E5 /* Assets.xcassets in Resources */,
			);
			runOnlyForDeploymentPostprocessing = 0;
		};
/* End PBXResourcesBuildPhase section */

/* Begin PBXSourcesBuildPhase section */
		046D47AD1EB8184A006115E5 /* Sources */ = {
			isa = PBXSourcesBuildPhase;
			buildActionMask = 2147483647;
			files = (
				04A382501EB88CF300915178 /* CONST.swift in Sources */,
				04A382471EB8350000915178 /* LRCWindow.swift in Sources */,
				046D47B71EB8184A006115E5 /* LRCViewController.swift in Sources */,
				04A382491EB8368200915178 /* main.swift in Sources */,
				046D47B51EB8184A006115E5 /* AppDelegate.swift in Sources */,
			);
			runOnlyForDeploymentPostprocessing = 0;
		};
/* End PBXSourcesBuildPhase section */

/* Begin XCBuildConfiguration section */
		046D47BE1EB8184A006115E5 /* Debug */ = {
			isa = XCBuildConfiguration;
			buildSettings = {
				ALWAYS_SEARCH_USER_PATHS = NO;
				CLANG_ANALYZER_NONNULL = YES;
				CLANG_CXX_LANGUAGE_STANDARD = "gnu++0x";
				CLANG_CXX_LIBRARY = "libc++";
				CLANG_ENABLE_MODULES = YES;
				CLANG_ENABLE_OBJC_ARC = YES;
				CLANG_WARN_BOOL_CONVERSION = YES;
				CLANG_WARN_CONSTANT_CONVERSION = YES;
				CLANG_WARN_DIRECT_OBJC_ISA_USAGE = YES_ERROR;
				CLANG_WARN_DOCUMENTATION_COMMENTS = YES;
				CLANG_WARN_EMPTY_BODY = YES;
				CLANG_WARN_ENUM_CONVERSION = YES;
				CLANG_WARN_INFINITE_RECURSION = YES;
				CLANG_WARN_INT_CONVERSION = YES;
				CLANG_WARN_OBJC_ROOT_CLASS = YES_ERROR;
				CLANG_WARN_SUSPICIOUS_MOVE = YES;
				CLANG_WARN_UNREACHABLE_CODE = YES;
				CLANG_WARN__DUPLICATE_METHOD_MATCH = YES;
				CODE_SIGN_IDENTITY = "-";
				COPY_PHASE_STRIP = NO;
				DEBUG_INFORMATION_FORMAT = dwarf;
				ENABLE_STRICT_OBJC_MSGSEND = YES;
				ENABLE_TESTABILITY = YES;
				GCC_C_LANGUAGE_STANDARD = gnu99;
				GCC_DYNAMIC_NO_PIC = NO;
				GCC_NO_COMMON_BLOCKS = YES;
				GCC_OPTIMIZATION_LEVEL = 0;
				GCC_PREPROCESSOR_DEFINITIONS = (
					"DEBUG=1",
					"$(inherited)",
				);
				GCC_WARN_64_TO_32_BIT_CONVERSION = YES;
				GCC_WARN_ABOUT_RETURN_TYPE = YES_ERROR;
				GCC_WARN_UNDECLARED_SELECTOR = YES;
				GCC_WARN_UNINITIALIZED_AUTOS = YES_AGGRESSIVE;
				GCC_WARN_UNUSED_FUNCTION = YES;
				GCC_WARN_UNUSED_VARIABLE = YES;
				MACOSX_DEPLOYMENT_TARGET = 10.12;
				MTL_ENABLE_DEBUG_INFO = YES;
				ONLY_ACTIVE_ARCH = YES;
				SDKROOT = macosx;
				SWIFT_ACTIVE_COMPILATION_CONDITIONS = DEBUG;
				SWIFT_OPTIMIZATION_LEVEL = "-Onone";
			};
			name = Debug;
		};
		046D47BF1EB8184A006115E5 /* Release */ = {
			isa = XCBuildConfiguration;
			buildSettings = {
				ALWAYS_SEARCH_USER_PATHS = NO;
				CLANG_ANALYZER_NONNULL = YES;
				CLANG_CXX_LANGUAGE_STANDARD = "gnu++0x";
				CLANG_CXX_LIBRARY = "libc++";
				CLANG_ENABLE_MODULES = YES;
				CLANG_ENABLE_OBJC_ARC = YES;
				CLANG_WARN_BOOL_CONVERSION = YES;
				CLANG_WARN_CONSTANT_CONVERSION = YES;
				CLANG_WARN_DIRECT_OBJC_ISA_USAGE = YES_ERROR;
				CLANG_WARN_DOCUMENTATION_COMMENTS = YES;
				CLANG_WARN_EMPTY_BODY = YES;
				CLANG_WARN_ENUM_CONVERSION = YES;
				CLANG_WARN_INFINITE_RECURSION = YES;
				CLANG_WARN_INT_CONVERSION = YES;
				CLANG_WARN_OBJC_ROOT_CLASS = YES_ERROR;
				CLANG_WARN_SUSPICIOUS_MOVE = YES;
				CLANG_WARN_UNREACHABLE_CODE = YES;
				CLANG_WARN__DUPLICATE_METHOD_MATCH = YES;
				CODE_SIGN_IDENTITY = "-";
				COPY_PHASE_STRIP = NO;
				DEBUG_INFORMATION_FORMAT = "dwarf-with-dsym";
				ENABLE_NS_ASSERTIONS = NO;
				ENABLE_STRICT_OBJC_MSGSEND = YES;
				GCC_C_LANGUAGE_STANDARD = gnu99;
				GCC_NO_COMMON_BLOCKS = YES;
				GCC_WARN_64_TO_32_BIT_CONVERSION = YES;
				GCC_WARN_ABOUT_RETURN_TYPE = YES_ERROR;
				GCC_WARN_UNDECLARED_SELECTOR = YES;
				GCC_WARN_UNINITIALIZED_AUTOS = YES_AGGRESSIVE;
				GCC_WARN_UNUSED_FUNCTION = YES;
				GCC_WARN_UNUSED_VARIABLE = YES;
				MACOSX_DEPLOYMENT_TARGET = 10.12;
				MTL_ENABLE_DEBUG_INFO = NO;
				SDKROOT = macosx;
				SWIFT_OPTIMIZATION_LEVEL = "-Owholemodule";
			};
			name = Release;
		};
		046D47C11EB8184A006115E5 /* Debug */ = {
			isa = XCBuildConfiguration;
			buildSettings = {
				ASSETCATALOG_COMPILER_APPICON_NAME = AppIcon;
				COMBINE_HIDPI_IMAGES = YES;
				DEVELOPMENT_TEAM = Q5G7783EQK;
				FRAMEWORK_SEARCH_PATHS = (
					"$(inherited)",
					"$(PROJECT_DIR)/Carthage/Build/Mac",
				);
				INFOPLIST_FILE = KeynoteTest/Info.plist;
				LD_RUNPATH_SEARCH_PATHS = "$(inherited) @executable_path/../Frameworks";
				PRODUCT_BUNDLE_IDENTIFIER = im.txx.KeynoteTest;
				PRODUCT_NAME = "$(TARGET_NAME)";
				SWIFT_VERSION = 3.0;
			};
			name = Debug;
		};
		046D47C21EB8184A006115E5 /* Release */ = {
			isa = XCBuildConfiguration;
			buildSettings = {
				ASSETCATALOG_COMPILER_APPICON_NAME = AppIcon;
				COMBINE_HIDPI_IMAGES = YES;
				DEVELOPMENT_TEAM = Q5G7783EQK;
				FRAMEWORK_SEARCH_PATHS = (
					"$(inherited)",
					"$(PROJECT_DIR)/Carthage/Build/Mac",
				);
				INFOPLIST_FILE = KeynoteTest/Info.plist;
				LD_RUNPATH_SEARCH_PATHS = "$(inherited) @executable_path/../Frameworks";
				PRODUCT_BUNDLE_IDENTIFIER = im.txx.KeynoteTest;
				PRODUCT_NAME = "$(TARGET_NAME)";
				SWIFT_VERSION = 3.0;
			};
			name = Release;
		};
/* End XCBuildConfiguration section */

/* Begin XCConfigurationList section */
		046D47AC1EB8184A006115E5 /* Build configuration list for PBXProject "FakeLRCDemo" */ = {
			isa = XCConfigurationList;
			buildConfigurations = (
				046D47BE1EB8184A006115E5 /* Debug */,
				046D47BF1EB8184A006115E5 /* Release */,
			);
			defaultConfigurationIsVisible = 0;
			defaultConfigurationName = Release;
		};
		046D47C01EB8184A006115E5 /* Build configuration list for PBXNativeTarget "FakeLRCDemo" */ = {
			isa = XCConfigurationList;
			buildConfigurations = (
				046D47C11EB8184A006115E5 /* Debug */,
				046D47C21EB8184A006115E5 /* Release */,
			);
			defaultConfigurationIsVisible = 0;
			defaultConfigurationName = Release;
		};
/* End XCConfigurationList section */
	};
	rootObject = 046D47A91EB8184A006115E5 /* Project object */;
}
